// !$*UTF8*$!
{
	archiveVersion = 1;
	classes = {
	};
	objectVersion = 56;
	objects = {

/* Begin PBXBuildFile section */
		A302C12C2AA9F58700BBBF82 /* _minuteApp.swift in Sources */ = {isa = PBXBuildFile; fileRef = A302C12B2AA9F58700BBBF82 /* _minuteApp.swift */; };
		A302C12E2AA9F58700BBBF82 /* ContentView.swift in Sources */ = {isa = PBXBuildFile; fileRef = A302C12D2AA9F58700BBBF82 /* ContentView.swift */; };
		A302C1302AA9F58D00BBBF82 /* Assets.xcassets in Resources */ = {isa = PBXBuildFile; fileRef = A302C12F2AA9F58D00BBBF82 /* Assets.xcassets */; };
		A302C1332AA9F58D00BBBF82 /* Preview Assets.xcassets in Resources */ = {isa = PBXBuildFile; fileRef = A302C1322AA9F58D00BBBF82 /* Preview Assets.xcassets */; };
		A302C13D2AA9F58D00BBBF82 /* _minuteTests.swift in Sources */ = {isa = PBXBuildFile; fileRef = A302C13C2AA9F58D00BBBF82 /* _minuteTests.swift */; };
		A302C1472AA9F58D00BBBF82 /* _minuteUITests.swift in Sources */ = {isa = PBXBuildFile; fileRef = A302C1462AA9F58D00BBBF82 /* _minuteUITests.swift */; };
		A302C1492AA9F58D00BBBF82 /* _minuteUITestsLaunchTests.swift in Sources */ = {isa = PBXBuildFile; fileRef = A302C1482AA9F58D00BBBF82 /* _minuteUITestsLaunchTests.swift */; };
/* End PBXBuildFile section */

/* Begin PBXContainerItemProxy section */
		A302C1392AA9F58D00BBBF82 /* PBXContainerItemProxy */ = {
			isa = PBXContainerItemProxy;
			containerPortal = A302C1202AA9F58700BBBF82 /* Project object */;
			proxyType = 1;
			remoteGlobalIDString = A302C1272AA9F58700BBBF82;
			remoteInfo = 1minute;
		};
		A302C1432AA9F58D00BBBF82 /* PBXContainerItemProxy */ = {
			isa = PBXContainerItemProxy;
			containerPortal = A302C1202AA9F58700BBBF82 /* Project object */;
			proxyType = 1;
			remoteGlobalIDString = A302C1272AA9F58700BBBF82;
			remoteInfo = 1minute;
		};
/* End PBXContainerItemProxy section */

/* Begin PBXFileReference section */
		A302C1282AA9F58700BBBF82 /* 1minute.app */ = {isa = PBXFileReference; explicitFileType = wrapper.application; includeInIndex = 0; path = 1minute.app; sourceTree = BUILT_PRODUCTS_DIR; };
		A302C12B2AA9F58700BBBF82 /* _minuteApp.swift */ = {isa = PBXFileReference; lastKnownFileType = sourcecode.swift; path = _minuteApp.swift; sourceTree = "<group>"; };
		A302C12D2AA9F58700BBBF82 /* ContentView.swift */ = {isa = PBXFileReference; lastKnownFileType = sourcecode.swift; path = ContentView.swift; sourceTree = "<group>"; };
		A302C12F2AA9F58D00BBBF82 /* Assets.xcassets */ = {isa = PBXFileReference; lastKnownFileType = folder.assetcatalog; path = Assets.xcassets; sourceTree = "<group>"; };
		A302C1322AA9F58D00BBBF82 /* Preview Assets.xcassets */ = {isa = PBXFileReference; lastKnownFileType = folder.assetcatalog; path = "Preview Assets.xcassets"; sourceTree = "<group>"; };
		A302C1382AA9F58D00BBBF82 /* 1minuteTests.xctest */ = {isa = PBXFileReference; explicitFileType = wrapper.cfbundle; includeInIndex = 0; path = 1minuteTests.xctest; sourceTree = BUILT_PRODUCTS_DIR; };
		A302C13C2AA9F58D00BBBF82 /* _minuteTests.swift */ = {isa = PBXFileReference; lastKnownFileType = sourcecode.swift; path = _minuteTests.swift; sourceTree = "<group>"; };
		A302C1422AA9F58D00BBBF82 /* 1minuteUITests.xctest */ = {isa = PBXFileReference; explicitFileType = wrapper.cfbundle; includeInIndex = 0; path = 1minuteUITests.xctest; sourceTree = BUILT_PRODUCTS_DIR; };
		A302C1462AA9F58D00BBBF82 /* _minuteUITests.swift */ = {isa = PBXFileReference; lastKnownFileType = sourcecode.swift; path = _minuteUITests.swift; sourceTree = "<group>"; };
		A302C1482AA9F58D00BBBF82 /* _minuteUITestsLaunchTests.swift */ = {isa = PBXFileReference; lastKnownFileType = sourcecode.swift; path = _minuteUITestsLaunchTests.swift; sourceTree = "<group>"; };
/* End PBXFileReference section */

/* Begin PBXFrameworksBuildPhase section */
		A302C1252AA9F58700BBBF82 /* Frameworks */ = {
			isa = PBXFrameworksBuildPhase;
			buildActionMask = 2147483647;
			files = (
			);
			runOnlyForDeploymentPostprocessing = 0;
		};
		A302C1352AA9F58D00BBBF82 /* Frameworks */ = {
			isa = PBXFrameworksBuildPhase;
			buildActionMask = 2147483647;
			files = (
			);
			runOnlyForDeploymentPostprocessing = 0;
		};
		A302C13F2AA9F58D00BBBF82 /* Frameworks */ = {
			isa = PBXFrameworksBuildPhase;
			buildActionMask = 2147483647;
			files = (
			);
			runOnlyForDeploymentPostprocessing = 0;
		};
/* End PBXFrameworksBuildPhase section */

/* Begin PBXGroup section */
		A302C11F2AA9F58700BBBF82 = {
			isa = PBXGroup;
			children = (
				A302C12A2AA9F58700BBBF82 /* 1minute */,
				A302C13B2AA9F58D00BBBF82 /* 1minuteTests */,
				A302C1452AA9F58D00BBBF82 /* 1minuteUITests */,
				A302C1292AA9F58700BBBF82 /* Products */,
			);
			sourceTree = "<group>";
		};
		A302C1292AA9F58700BBBF82 /* Products */ = {
			isa = PBXGroup;
			children = (
				A302C1282AA9F58700BBBF82 /* 1minute.app */,
				A302C1382AA9F58D00BBBF82 /* 1minuteTests.xctest */,
				A302C1422AA9F58D00BBBF82 /* 1minuteUITests.xctest */,
			);
			name = Products;
			sourceTree = "<group>";
		};
		A302C12A2AA9F58700BBBF82 /* 1minute */ = {
			isa = PBXGroup;
			children = (
				A302C12B2AA9F58700BBBF82 /* _minuteApp.swift */,
				A302C12D2AA9F58700BBBF82 /* ContentView.swift */,
				A302C12F2AA9F58D00BBBF82 /* Assets.xcassets */,
				A302C1312AA9F58D00BBBF82 /* Preview Content */,
			);
			path = 1minute;
			sourceTree = "<group>";
		};
		A302C1312AA9F58D00BBBF82 /* Preview Content */ = {
			isa = PBXGroup;
			children = (
				A302C1322AA9F58D00BBBF82 /* Preview Assets.xcassets */,
			);
			path = "Preview Content";
			sourceTree = "<group>";
		};
		A302C13B2AA9F58D00BBBF82 /* 1minuteTests */ = {
			isa = PBXGroup;
			children = (
				A302C13C2AA9F58D00BBBF82 /* _minuteTests.swift */,
			);
			path = 1minuteTests;
			sourceTree = "<group>";
		};
		A302C1452AA9F58D00BBBF82 /* 1minuteUITests */ = {
			isa = PBXGroup;
			children = (
				A302C1462AA9F58D00BBBF82 /* _minuteUITests.swift */,
				A302C1482AA9F58D00BBBF82 /* _minuteUITestsLaunchTests.swift */,
			);
			path = 1minuteUITests;
			sourceTree = "<group>";
		};
/* End PBXGroup section */

/* Begin PBXNativeTarget section */
		A302C1272AA9F58700BBBF82 /* 1minute */ = {
			isa = PBXNativeTarget;
			buildConfigurationList = A302C14C2AA9F58D00BBBF82 /* Build configuration list for PBXNativeTarget "1minute" */;
			buildPhases = (
				A302C1242AA9F58700BBBF82 /* Sources */,
				A302C1252AA9F58700BBBF82 /* Frameworks */,
				A302C1262AA9F58700BBBF82 /* Resources */,
			);
			buildRules = (
			);
			dependencies = (
			);
			name = 1minute;
			productName = 1minute;
			productReference = A302C1282AA9F58700BBBF82 /* 1minute.app */;
			productType = "com.apple.product-type.application";
		};
		A302C1372AA9F58D00BBBF82 /* 1minuteTests */ = {
			isa = PBXNativeTarget;
			buildConfigurationList = A302C14F2AA9F58D00BBBF82 /* Build configuration list for PBXNativeTarget "1minuteTests" */;
			buildPhases = (
				A302C1342AA9F58D00BBBF82 /* Sources */,
				A302C1352AA9F58D00BBBF82 /* Frameworks */,
				A302C1362AA9F58D00BBBF82 /* Resources */,
			);
			buildRules = (
			);
			dependencies = (
				A302C13A2AA9F58D00BBBF82 /* PBXTargetDependency */,
			);
			name = 1minuteTests;
			productName = 1minuteTests;
			productReference = A302C1382AA9F58D00BBBF82 /* 1minuteTests.xctest */;
			productType = "com.apple.product-type.bundle.unit-test";
		};
		A302C1412AA9F58D00BBBF82 /* 1minuteUITests */ = {
			isa = PBXNativeTarget;
			buildConfigurationList = A302C1522AA9F58D00BBBF82 /* Build configuration list for PBXNativeTarget "1minuteUITests" */;
			buildPhases = (
				A302C13E2AA9F58D00BBBF82 /* Sources */,
				A302C13F2AA9F58D00BBBF82 /* Frameworks */,
				A302C1402AA9F58D00BBBF82 /* Resources */,
			);
			buildRules = (
			);
			dependencies = (
				A302C1442AA9F58D00BBBF82 /* PBXTargetDependency */,
			);
			name = 1minuteUITests;
			productName = 1minuteUITests;
			productReference = A302C1422AA9F58D00BBBF82 /* 1minuteUITests.xctest */;
			productType = "com.apple.product-type.bundle.ui-testing";
		};
/* End PBXNativeTarget section */

/* Begin PBXProject section */
		A302C1202AA9F58700BBBF82 /* Project object */ = {
			isa = PBXProject;
			attributes = {
				BuildIndependentTargetsInParallel = 1;
				LastSwiftUpdateCheck = 1420;
				LastUpgradeCheck = 1420;
				TargetAttributes = {
					A302C1272AA9F58700BBBF82 = {
						CreatedOnToolsVersion = 14.2;
					};
					A302C1372AA9F58D00BBBF82 = {
						CreatedOnToolsVersion = 14.2;
						TestTargetID = A302C1272AA9F58700BBBF82;
					};
					A302C1412AA9F58D00BBBF82 = {
						CreatedOnToolsVersion = 14.2;
						TestTargetID = A302C1272AA9F58700BBBF82;
					};
				};
			};
			buildConfigurationList = A302C1232AA9F58700BBBF82 /* Build configuration list for PBXProject "1minute" */;
			compatibilityVersion = "Xcode 14.0";
			developmentRegion = en;
			hasScannedForEncodings = 0;
			knownRegions = (
				en,
				Base,
			);
			mainGroup = A302C11F2AA9F58700BBBF82;
			productRefGroup = A302C1292AA9F58700BBBF82 /* Products */;
			projectDirPath = "";
			projectRoot = "";
			targets = (
				A302C1272AA9F58700BBBF82 /* 1minute */,
				A302C1372AA9F58D00BBBF82 /* 1minuteTests */,
				A302C1412AA9F58D00BBBF82 /* 1minuteUITests */,
			);
		};
/* End PBXProject section */

/* Begin PBXResourcesBuildPhase section */
		A302C1262AA9F58700BBBF82 /* Resources */ = {
			isa = PBXResourcesBuildPhase;
			buildActionMask = 2147483647;
			files = (
				A302C1332AA9F58D00BBBF82 /* Preview Assets.xcassets in Resources */,
				A302C1302AA9F58D00BBBF82 /* Assets.xcassets in Resources */,
			);
			runOnlyForDeploymentPostprocessing = 0;
		};
		A302C1362AA9F58D00BBBF82 /* Resources */ = {
			isa = PBXResourcesBuildPhase;
			buildActionMask = 2147483647;
			files = (
			);
			runOnlyForDeploymentPostprocessing = 0;
		};
		A302C1402AA9F58D00BBBF82 /* Resources */ = {
			isa = PBXResourcesBuildPhase;
			buildActionMask = 2147483647;
			files = (
			);
			runOnlyForDeploymentPostprocessing = 0;
		};
/* End PBXResourcesBuildPhase section */

/* Begin PBXSourcesBuildPhase section */
		A302C1242AA9F58700BBBF82 /* Sources */ = {
			isa = PBXSourcesBuildPhase;
			buildActionMask = 2147483647;
			files = (
				A302C12E2AA9F58700BBBF82 /* ContentView.swift in Sources */,
				A302C12C2AA9F58700BBBF82 /* _minuteApp.swift in Sources */,
			);
			runOnlyForDeploymentPostprocessing = 0;
		};
		A302C1342AA9F58D00BBBF82 /* Sources */ = {
			isa = PBXSourcesBuildPhase;
			buildActionMask = 2147483647;
			files = (
				A302C13D2AA9F58D00BBBF82 /* _minuteTests.swift in Sources */,
			);
			runOnlyForDeploymentPostprocessing = 0;
		};
		A302C13E2AA9F58D00BBBF82 /* Sources */ = {
			isa = PBXSourcesBuildPhase;
			buildActionMask = 2147483647;
			files = (
				A302C1492AA9F58D00BBBF82 /* _minuteUITestsLaunchTests.swift in Sources */,
				A302C1472AA9F58D00BBBF82 /* _minuteUITests.swift in Sources */,
			);
			runOnlyForDeploymentPostprocessing = 0;
		};
/* End PBXSourcesBuildPhase section */

/* Begin PBXTargetDependency section */
		A302C13A2AA9F58D00BBBF82 /* PBXTargetDependency */ = {
			isa = PBXTargetDependency;
			target = A302C1272AA9F58700BBBF82 /* 1minute */;
			targetProxy = A302C1392AA9F58D00BBBF82 /* PBXContainerItemProxy */;
		};
		A302C1442AA9F58D00BBBF82 /* PBXTargetDependency */ = {
			isa = PBXTargetDependency;
			target = A302C1272AA9F58700BBBF82 /* 1minute */;
			targetProxy = A302C1432AA9F58D00BBBF82 /* PBXContainerItemProxy */;
		};
/* End PBXTargetDependency section */

/* Begin XCBuildConfiguration section */
		A302C14A2AA9F58D00BBBF82 /* Debug */ = {
			isa = XCBuildConfiguration;
			buildSettings = {
				ALWAYS_SEARCH_USER_PATHS = NO;
				CLANG_ANALYZER_NONNULL = YES;
				CLANG_ANALYZER_NUMBER_OBJECT_CONVERSION = YES_AGGRESSIVE;
				CLANG_CXX_LANGUAGE_STANDARD = "gnu++20";
				CLANG_ENABLE_MODULES = YES;
				CLANG_ENABLE_OBJC_ARC = YES;
				CLANG_ENABLE_OBJC_WEAK = YES;
				CLANG_WARN_BLOCK_CAPTURE_AUTORELEASING = YES;
				CLANG_WARN_BOOL_CONVERSION = YES;
				CLANG_WARN_COMMA = YES;
				CLANG_WARN_CONSTANT_CONVERSION = YES;
				CLANG_WARN_DEPRECATED_OBJC_IMPLEMENTATIONS = YES;
				CLANG_WARN_DIRECT_OBJC_ISA_USAGE = YES_ERROR;
				CLANG_WARN_DOCUMENTATION_COMMENTS = YES;
				CLANG_WARN_EMPTY_BODY = YES;
				CLANG_WARN_ENUM_CONVERSION = YES;
				CLANG_WARN_INFINITE_RECURSION = YES;
				CLANG_WARN_INT_CONVERSION = YES;
				CLANG_WARN_NON_LITERAL_NULL_CONVERSION = YES;
				CLANG_WARN_OBJC_IMPLICIT_RETAIN_SELF = YES;
				CLANG_WARN_OBJC_LITERAL_CONVERSION = YES;
				CLANG_WARN_OBJC_ROOT_CLASS = YES_ERROR;
				CLANG_WARN_QUOTED_INCLUDE_IN_FRAMEWORK_HEADER = YES;
				CLANG_WARN_RANGE_LOOP_ANALYSIS = YES;
				CLANG_WARN_STRICT_PROTOTYPES = YES;
				CLANG_WARN_SUSPICIOUS_MOVE = YES;
				CLANG_WARN_UNGUARDED_AVAILABILITY = YES_AGGRESSIVE;
				CLANG_WARN_UNREACHABLE_CODE = YES;
				CLANG_WARN__DUPLICATE_METHOD_MATCH = YES;
				COPY_PHASE_STRIP = NO;
				DEBUG_INFORMATION_FORMAT = dwarf;
				ENABLE_STRICT_OBJC_MSGSEND = YES;
				ENABLE_TESTABILITY = YES;
				GCC_C_LANGUAGE_STANDARD = gnu11;
				GCC_DYNAMIC_NO_PIC = NO;
				GCC_NO_COMMON_BLOCKS = YES;
				GCC_OPTIMIZATION_LEVEL = 0;
				GCC_PREPROCESSOR_DEFINITIONS = (
					"DEBUG=1",
					"$(inherited)",
				);
				GCC_WARN_64_TO_32_BIT_CONVERSION = YES;
				GCC_WARN_ABOUT_RETURN_TYPE = YES_ERROR;
				GCC_WARN_UNDECLARED_SELECTOR = YES;
				GCC_WARN_UNINITIALIZED_AUTOS = YES_AGGRESSIVE;
				GCC_WARN_UNUSED_FUNCTION = YES;
				GCC_WARN_UNUSED_VARIABLE = YES;
				IPHONEOS_DEPLOYMENT_TARGET = 16.2;
				MTL_ENABLE_DEBUG_INFO = INCLUDE_SOURCE;
				MTL_FAST_MATH = YES;
				ONLY_ACTIVE_ARCH = YES;
				SDKROOT = iphoneos;
				SWIFT_ACTIVE_COMPILATION_CONDITIONS = DEBUG;
				SWIFT_OPTIMIZATION_LEVEL = "-Onone";
			};
			name = Debug;
		};
		A302C14B2AA9F58D00BBBF82 /* Release */ = {
			isa = XCBuildConfiguration;
			buildSettings = {
				ALWAYS_SEARCH_USER_PATHS = NO;
				CLANG_ANALYZER_NONNULL = YES;
				CLANG_ANALYZER_NUMBER_OBJECT_CONVERSION = YES_AGGRESSIVE;
				CLANG_CXX_LANGUAGE_STANDARD = "gnu++20";
				CLANG_ENABLE_MODULES = YES;
				CLANG_ENABLE_OBJC_ARC = YES;
				CLANG_ENABLE_OBJC_WEAK = YES;
				CLANG_WARN_BLOCK_CAPTURE_AUTORELEASING = YES;
				CLANG_WARN_BOOL_CONVERSION = YES;
				CLANG_WARN_COMMA = YES;
				CLANG_WARN_CONSTANT_CONVERSION = YES;
				CLANG_WARN_DEPRECATED_OBJC_IMPLEMENTATIONS = YES;
				CLANG_WARN_DIRECT_OBJC_ISA_USAGE = YES_ERROR;
				CLANG_WARN_DOCUMENTATION_COMMENTS = YES;
				CLANG_WARN_EMPTY_BODY = YES;
				CLANG_WARN_ENUM_CONVERSION = YES;
				CLANG_WARN_INFINITE_RECURSION = YES;
				CLANG_WARN_INT_CONVERSION = YES;
				CLANG_WARN_NON_LITERAL_NULL_CONVERSION = YES;
				CLANG_WARN_OBJC_IMPLICIT_RETAIN_SELF = YES;
				CLANG_WARN_OBJC_LITERAL_CONVERSION = YES;
				CLANG_WARN_OBJC_ROOT_CLASS = YES_ERROR;
				CLANG_WARN_QUOTED_INCLUDE_IN_FRAMEWORK_HEADER = YES;
				CLANG_WARN_RANGE_LOOP_ANALYSIS = YES;
				CLANG_WARN_STRICT_PROTOTYPES = YES;
				CLANG_WARN_SUSPICIOUS_MOVE = YES;
				CLANG_WARN_UNGUARDED_AVAILABILITY = YES_AGGRESSIVE;
				CLANG_WARN_UNREACHABLE_CODE = YES;
				CLANG_WARN__DUPLICATE_METHOD_MATCH = YES;
				COPY_PHASE_STRIP = NO;
				DEBUG_INFORMATION_FORMAT = "dwarf-with-dsym";
				ENABLE_NS_ASSERTIONS = NO;
				ENABLE_STRICT_OBJC_MSGSEND = YES;
				GCC_C_LANGUAGE_STANDARD = gnu11;
				GCC_NO_COMMON_BLOCKS = YES;
				GCC_WARN_64_TO_32_BIT_CONVERSION = YES;
				GCC_WARN_ABOUT_RETURN_TYPE = YES_ERROR;
				GCC_WARN_UNDECLARED_SELECTOR = YES;
				GCC_WARN_UNINITIALIZED_AUTOS = YES_AGGRESSIVE;
				GCC_WARN_UNUSED_FUNCTION = YES;
				GCC_WARN_UNUSED_VARIABLE = YES;
				IPHONEOS_DEPLOYMENT_TARGET = 16.2;
				MTL_ENABLE_DEBUG_INFO = NO;
				MTL_FAST_MATH = YES;
				SDKROOT = iphoneos;
				SWIFT_COMPILATION_MODE = wholemodule;
				SWIFT_OPTIMIZATION_LEVEL = "-O";
				VALIDATE_PRODUCT = YES;
			};
			name = Release;
		};
		A302C14D2AA9F58D00BBBF82 /* Debug */ = {
			isa = XCBuildConfiguration;
			buildSettings = {
				ASSETCATALOG_COMPILER_APPICON_NAME = AppIcon;
				ASSETCATALOG_COMPILER_GLOBAL_ACCENT_COLOR_NAME = AccentColor;
				CODE_SIGN_STYLE = Automatic;
				CURRENT_PROJECT_VERSION = 1;
				DEVELOPMENT_ASSET_PATHS = "\"1minute/Preview Content\"";
				DEVELOPMENT_TEAM = ZQPN4S8K33;
				ENABLE_PREVIEWS = YES;
				GENERATE_INFOPLIST_FILE = YES;
				INFOPLIST_KEY_UIApplicationSceneManifest_Generation = YES;
				INFOPLIST_KEY_UIApplicationSupportsIndirectInputEvents = YES;
				INFOPLIST_KEY_UILaunchScreen_Generation = YES;
				INFOPLIST_KEY_UISupportedInterfaceOrientations_iPad = "UIInterfaceOrientationPortrait UIInterfaceOrientationPortraitUpsideDown UIInterfaceOrientationLandscapeLeft UIInterfaceOrientationLandscapeRight";
				INFOPLIST_KEY_UISupportedInterfaceOrientations_iPhone = "UIInterfaceOrientationPortrait UIInterfaceOrientationLandscapeLeft UIInterfaceOrientationLandscapeRight";
				LD_RUNPATH_SEARCH_PATHS = (
					"$(inherited)",
					"@executable_path/Frameworks",
				);
				MARKETING_VERSION = 1.0;
				PRODUCT_BUNDLE_IDENTIFIER = "org.swiftinsg.-minute";
				PRODUCT_NAME = "$(TARGET_NAME)";
				SWIFT_EMIT_LOC_STRINGS = YES;
				SWIFT_VERSION = 5.0;
				TARGETED_DEVICE_FAMILY = "1,2";
			};
			name = Debug;
		};
		A302C14E2AA9F58D00BBBF82 /* Release */ = {
			isa = XCBuildConfiguration;
			buildSettings = {
				ASSETCATALOG_COMPILER_APPICON_NAME = AppIcon;
				ASSETCATALOG_COMPILER_GLOBAL_ACCENT_COLOR_NAME = AccentColor;
				CODE_SIGN_STYLE = Automatic;
				CURRENT_PROJECT_VERSION = 1;
				DEVELOPMENT_ASSET_PATHS = "\"1minute/Preview Content\"";
				DEVELOPMENT_TEAM = ZQPN4S8K33;
				ENABLE_PREVIEWS = YES;
				GENERATE_INFOPLIST_FILE = YES;
				INFOPLIST_KEY_UIApplicationSceneManifest_Generation = YES;
				INFOPLIST_KEY_UIApplicationSupportsIndirectInputEvents = YES;
				INFOPLIST_KEY_UILaunchScreen_Generation = YES;
				INFOPLIST_KEY_UISupportedInterfaceOrientations_iPad = "UIInterfaceOrientationPortrait UIInterfaceOrientationPortraitUpsideDown UIInterfaceOrientationLandscapeLeft UIInterfaceOrientationLandscapeRight";
				INFOPLIST_KEY_UISupportedInterfaceOrientations_iPhone = "UIInterfaceOrientationPortrait UIInterfaceOrientationLandscapeLeft UIInterfaceOrientationLandscapeRight";
				LD_RUNPATH_SEARCH_PATHS = (
					"$(inherited)",
					"@executable_path/Frameworks",
				);
				MARKETING_VERSION = 1.0;
				PRODUCT_BUNDLE_IDENTIFIER = "org.swiftinsg.-minute";
				PRODUCT_NAME = "$(TARGET_NAME)";
				SWIFT_EMIT_LOC_STRINGS = YES;
				SWIFT_VERSION = 5.0;
				TARGETED_DEVICE_FAMILY = "1,2";
			};
			name = Release;
		};
		A302C1502AA9F58D00BBBF82 /* Debug */ = {
			isa = XCBuildConfiguration;
			buildSettings = {
				ALWAYS_EMBED_SWIFT_STANDARD_LIBRARIES = YES;
				BUNDLE_LOADER = "$(TEST_HOST)";
				CODE_SIGN_STYLE = Automatic;
				CURRENT_PROJECT_VERSION = 1;
				DEVELOPMENT_TEAM = ZQPN4S8K33;
				GENERATE_INFOPLIST_FILE = YES;
				IPHONEOS_DEPLOYMENT_TARGET = 16.2;
				MARKETING_VERSION = 1.0;
				PRODUCT_BUNDLE_IDENTIFIER = "org.swiftinsg.-minuteTests";
				PRODUCT_NAME = "$(TARGET_NAME)";
				SWIFT_EMIT_LOC_STRINGS = NO;
				SWIFT_VERSION = 5.0;
				TARGETED_DEVICE_FAMILY = "1,2";
				TEST_HOST = "$(BUILT_PRODUCTS_DIR)/1minute.app/$(BUNDLE_EXECUTABLE_FOLDER_PATH)/1minute";
			};
			name = Debug;
		};
		A302C1512AA9F58D00BBBF82 /* Release */ = {
			isa = XCBuildConfiguration;
			buildSettings = {
				ALWAYS_EMBED_SWIFT_STANDARD_LIBRARIES = YES;
				BUNDLE_LOADER = "$(TEST_HOST)";
				CODE_SIGN_STYLE = Automatic;
				CURRENT_PROJECT_VERSION = 1;
				DEVELOPMENT_TEAM = ZQPN4S8K33;
				GENERATE_INFOPLIST_FILE = YES;
				IPHONEOS_DEPLOYMENT_TARGET = 16.2;
				MARKETING_VERSION = 1.0;
				PRODUCT_BUNDLE_IDENTIFIER = "org.swiftinsg.-minuteTests";
				PRODUCT_NAME = "$(TARGET_NAME)";
				SWIFT_EMIT_LOC_STRINGS = NO;
				SWIFT_VERSION = 5.0;
				TARGETED_DEVICE_FAMILY = "1,2";
				TEST_HOST = "$(BUILT_PRODUCTS_DIR)/1minute.app/$(BUNDLE_EXECUTABLE_FOLDER_PATH)/1minute";
			};
			name = Release;
		};
		A302C1532AA9F58D00BBBF82 /* Debug */ = {
			isa = XCBuildConfiguration;
			buildSettings = {
				ALWAYS_EMBED_SWIFT_STANDARD_LIBRARIES = YES;
				CODE_SIGN_STYLE = Automatic;
				CURRENT_PROJECT_VERSION = 1;
				DEVELOPMENT_TEAM = ZQPN4S8K33;
				GENERATE_INFOPLIST_FILE = YES;
				MARKETING_VERSION = 1.0;
				PRODUCT_BUNDLE_IDENTIFIER = "org.swiftinsg.-minuteUITests";
				PRODUCT_NAME = "$(TARGET_NAME)";
				SWIFT_EMIT_LOC_STRINGS = NO;
				SWIFT_VERSION = 5.0;
				TARGETED_DEVICE_FAMILY = "1,2";
				TEST_TARGET_NAME = 1minute;
			};
			name = Debug;
		};
		A302C1542AA9F58D00BBBF82 /* Release */ = {
			isa = XCBuildConfiguration;
			buildSettings = {
				ALWAYS_EMBED_SWIFT_STANDARD_LIBRARIES = YES;
				CODE_SIGN_STYLE = Automatic;
				CURRENT_PROJECT_VERSION = 1;
				DEVELOPMENT_TEAM = ZQPN4S8K33;
				GENERATE_INFOPLIST_FILE = YES;
				MARKETING_VERSION = 1.0;
				PRODUCT_BUNDLE_IDENTIFIER = "org.swiftinsg.-minuteUITests";
				PRODUCT_NAME = "$(TARGET_NAME)";
				SWIFT_EMIT_LOC_STRINGS = NO;
				SWIFT_VERSION = 5.0;
				TARGETED_DEVICE_FAMILY = "1,2";
				TEST_TARGET_NAME = 1minute;
			};
			name = Release;
		};
/* End XCBuildConfiguration section */

/* Begin XCConfigurationList section */
		A302C1232AA9F58700BBBF82 /* Build configuration list for PBXProject "1minute" */ = {
			isa = XCConfigurationList;
			buildConfigurations = (
				A302C14A2AA9F58D00BBBF82 /* Debug */,
				A302C14B2AA9F58D00BBBF82 /* Release */,
			);
			defaultConfigurationIsVisible = 0;
			defaultConfigurationName = Release;
		};
		A302C14C2AA9F58D00BBBF82 /* Build configuration list for PBXNativeTarget "1minute" */ = {
			isa = XCConfigurationList;
			buildConfigurations = (
				A302C14D2AA9F58D00BBBF82 /* Debug */,
				A302C14E2AA9F58D00BBBF82 /* Release */,
			);
			defaultConfigurationIsVisible = 0;
			defaultConfigurationName = Release;
		};
		A302C14F2AA9F58D00BBBF82 /* Build configuration list for PBXNativeTarget "1minuteTests" */ = {
			isa = XCConfigurationList;
			buildConfigurations = (
				A302C1502AA9F58D00BBBF82 /* Debug */,
				A302C1512AA9F58D00BBBF82 /* Release */,
			);
			defaultConfigurationIsVisible = 0;
			defaultConfigurationName = Release;
		};
		A302C1522AA9F58D00BBBF82 /* Build configuration list for PBXNativeTarget "1minuteUITests" */ = {
			isa = XCConfigurationList;
			buildConfigurations = (
				A302C1532AA9F58D00BBBF82 /* Debug */,
				A302C1542AA9F58D00BBBF82 /* Release */,
			);
			defaultConfigurationIsVisible = 0;
			defaultConfigurationName = Release;
		};
/* End XCConfigurationList section */
	};
	rootObject = A302C1202AA9F58700BBBF82 /* Project object */;
}
